
Microsoft Visual Studio Solution File, Format Version 12.00
# Visual Studio Version 16
VisualStudioVersion = 16.0.33328.57
MinimumVisualStudioVersion = 10.0.40219.1
Project("{FAE04EC0-301F-11D3-BF4B-00C04F79EFBC}") = "arr_jugg", "arr_jugg\arr_jugg.csproj", "{F2862C44-4AED-4636-A636-AABB50CF2BFF}"
EndProject
Global
	GlobalSection(SolutionConfigurationPlatforms) = preSolution
		Debug|Any CPU = Debug|Any CPU
		Release|Any CPU = Release|Any CPU
	EndGlobalSection
	GlobalSection(ProjectConfigurationPlatforms) = postSolution
		{F2862C44-4AED-4636-A636-AABB50CF2BFF}.Debug|Any CPU.ActiveCfg = Debug|Any CPU
		{F2862C44-4AED-4636-A636-AABB50CF2BFF}.Debug|Any CPU.Build.0 = Debug|Any CPU
		{F2862C44-4AED-4636-A636-AABB50CF2BFF}.Release|Any CPU.ActiveCfg = Release|Any CPU
		{F2862C44-4AED-4636-A636-AABB50CF2BFF}.Release|Any CPU.Build.0 = Release|Any CPU
	EndGlobalSection
	GlobalSection(SolutionProperties) = preSolution
		HideSolutionNode = FALSE
	EndGlobalSection
	GlobalSection(ExtensibilityGlobals) = postSolution
		SolutionGuid = {7C12D75F-5B81-4976-9FB3-0ADADAD3E21F}
	EndGlobalSection
EndGlobal
